// !$*UTF8*$!
{
	archiveVersion = 1;
	classes = {
	};
	objectVersion = 50;
	objects = {

/* Begin PBXBuildFile section */
		62061270268C74F500A6D7AC /* AppDelegate.swift in Sources */ = {isa = PBXBuildFile; fileRef = 6206126F268C74F500A6D7AC /* AppDelegate.swift */; };
		62061272268C74F500A6D7AC /* SceneDelegate.swift in Sources */ = {isa = PBXBuildFile; fileRef = 62061271268C74F500A6D7AC /* SceneDelegate.swift */; };
		62061274268C74F500A6D7AC /* ViewController.swift in Sources */ = {isa = PBXBuildFile; fileRef = 62061273268C74F500A6D7AC /* ViewController.swift */; };
		62061277268C74F500A6D7AC /* Main.storyboard in Resources */ = {isa = PBXBuildFile; fileRef = 62061275268C74F500A6D7AC /* Main.storyboard */; };
		62061279268C74F600A6D7AC /* Assets.xcassets in Resources */ = {isa = PBXBuildFile; fileRef = 62061278268C74F600A6D7AC /* Assets.xcassets */; };
		6206127C268C74F600A6D7AC /* LaunchScreen.storyboard in Resources */ = {isa = PBXBuildFile; fileRef = 6206127A268C74F600A6D7AC /* LaunchScreen.storyboard */; };
		6206128A268C752400A6D7AC /* Media.xcassets in Resources */ = {isa = PBXBuildFile; fileRef = 62061289268C752400A6D7AC /* Media.xcassets */; };
		6206128C268C752400A6D7AC /* ActionViewController.swift in Sources */ = {isa = PBXBuildFile; fileRef = 6206128B268C752400A6D7AC /* ActionViewController.swift */; };
		6206128F268C752400A6D7AC /* MainInterface.storyboard in Resources */ = {isa = PBXBuildFile; fileRef = 6206128D268C752400A6D7AC /* MainInterface.storyboard */; };
		62061293268C752400A6D7AC /* Extension.appex in Embed App Extensions */ = {isa = PBXBuildFile; fileRef = 62061287268C752400A6D7AC /* Extension.appex */; settings = {ATTRIBUTES = (RemoveHeadersOnCopy, ); }; };
		62061299268C761300A6D7AC /* Action.js in Resources */ = {isa = PBXBuildFile; fileRef = 62061298268C761300A6D7AC /* Action.js */; };
/* End PBXBuildFile section */

/* Begin PBXContainerItemProxy section */
		62061291268C752400A6D7AC /* PBXContainerItemProxy */ = {
			isa = PBXContainerItemProxy;
			containerPortal = 62061264268C74F500A6D7AC /* Project object */;
			proxyType = 1;
			remoteGlobalIDString = 62061286268C752400A6D7AC;
			remoteInfo = Extension;
		};
/* End PBXContainerItemProxy section */

/* Begin PBXCopyFilesBuildPhase section */
		62061297268C752400A6D7AC /* Embed App Extensions */ = {
			isa = PBXCopyFilesBuildPhase;
			buildActionMask = 2147483647;
			dstPath = "";
			dstSubfolderSpec = 13;
			files = (
				62061293268C752400A6D7AC /* Extension.appex in Embed App Extensions */,
			);
			name = "Embed App Extensions";
			runOnlyForDeploymentPostprocessing = 0;
		};
/* End PBXCopyFilesBuildPhase section */

/* Begin PBXFileReference section */
		6206126C268C74F500A6D7AC /* TPExtensionWithJS.app */ = {isa = PBXFileReference; explicitFileType = wrapper.application; includeInIndex = 0; path = TPExtensionWithJS.app; sourceTree = BUILT_PRODUCTS_DIR; };
		6206126F268C74F500A6D7AC /* AppDelegate.swift */ = {isa = PBXFileReference; lastKnownFileType = sourcecode.swift; path = AppDelegate.swift; sourceTree = "<group>"; };
		62061271268C74F500A6D7AC /* SceneDelegate.swift */ = {isa = PBXFileReference; lastKnownFileType = sourcecode.swift; path = SceneDelegate.swift; sourceTree = "<group>"; };
		62061273268C74F500A6D7AC /* ViewController.swift */ = {isa = PBXFileReference; lastKnownFileType = sourcecode.swift; path = ViewController.swift; sourceTree = "<group>"; };
		62061276268C74F500A6D7AC /* Base */ = {isa = PBXFileReference; lastKnownFileType = file.storyboard; name = Base; path = Base.lproj/Main.storyboard; sourceTree = "<group>"; };
		62061278268C74F600A6D7AC /* Assets.xcassets */ = {isa = PBXFileReference; lastKnownFileType = folder.assetcatalog; path = Assets.xcassets; sourceTree = "<group>"; };
		6206127B268C74F600A6D7AC /* Base */ = {isa = PBXFileReference; lastKnownFileType = file.storyboard; name = Base; path = Base.lproj/LaunchScreen.storyboard; sourceTree = "<group>"; };
		6206127D268C74F600A6D7AC /* Info.plist */ = {isa = PBXFileReference; lastKnownFileType = text.plist.xml; path = Info.plist; sourceTree = "<group>"; };
		62061287268C752400A6D7AC /* Extension.appex */ = {isa = PBXFileReference; explicitFileType = "wrapper.app-extension"; includeInIndex = 0; path = Extension.appex; sourceTree = BUILT_PRODUCTS_DIR; };
		62061289268C752400A6D7AC /* Media.xcassets */ = {isa = PBXFileReference; lastKnownFileType = folder.assetcatalog; path = Media.xcassets; sourceTree = "<group>"; };
		6206128B268C752400A6D7AC /* ActionViewController.swift */ = {isa = PBXFileReference; lastKnownFileType = sourcecode.swift; path = ActionViewController.swift; sourceTree = "<group>"; };
		6206128E268C752400A6D7AC /* Base */ = {isa = PBXFileReference; lastKnownFileType = file.storyboard; name = Base; path = Base.lproj/MainInterface.storyboard; sourceTree = "<group>"; };
		62061290268C752400A6D7AC /* Info.plist */ = {isa = PBXFileReference; lastKnownFileType = text.plist.xml; path = Info.plist; sourceTree = "<group>"; };
		62061298268C761300A6D7AC /* Action.js */ = {isa = PBXFileReference; lastKnownFileType = sourcecode.javascript; path = Action.js; sourceTree = "<group>"; };
/* End PBXFileReference section */

/* Begin PBXFrameworksBuildPhase section */
		62061269268C74F500A6D7AC /* Frameworks */ = {
			isa = PBXFrameworksBuildPhase;
			buildActionMask = 2147483647;
			files = (
			);
			runOnlyForDeploymentPostprocessing = 0;
		};
		62061284268C752400A6D7AC /* Frameworks */ = {
			isa = PBXFrameworksBuildPhase;
			buildActionMask = 2147483647;
			files = (
			);
			runOnlyForDeploymentPostprocessing = 0;
		};
/* End PBXFrameworksBuildPhase section */

/* Begin PBXGroup section */
		62061263268C74F500A6D7AC = {
			isa = PBXGroup;
			children = (
				6206126E268C74F500A6D7AC /* TPExtensionWithJS */,
				62061288268C752400A6D7AC /* Extension */,
				6206126D268C74F500A6D7AC /* Products */,
			);
			sourceTree = "<group>";
		};
		6206126D268C74F500A6D7AC /* Products */ = {
			isa = PBXGroup;
			children = (
				6206126C268C74F500A6D7AC /* TPExtensionWithJS.app */,
				62061287268C752400A6D7AC /* Extension.appex */,
			);
			name = Products;
			sourceTree = "<group>";
		};
		6206126E268C74F500A6D7AC /* TPExtensionWithJS */ = {
			isa = PBXGroup;
			children = (
				6206126F268C74F500A6D7AC /* AppDelegate.swift */,
				62061271268C74F500A6D7AC /* SceneDelegate.swift */,
				62061273268C74F500A6D7AC /* ViewController.swift */,
				62061275268C74F500A6D7AC /* Main.storyboard */,
				62061278268C74F600A6D7AC /* Assets.xcassets */,
				6206127A268C74F600A6D7AC /* LaunchScreen.storyboard */,
				6206127D268C74F600A6D7AC /* Info.plist */,
			);
			path = TPExtensionWithJS;
			sourceTree = "<group>";
		};
		62061288268C752400A6D7AC /* Extension */ = {
			isa = PBXGroup;
			children = (
				62061289268C752400A6D7AC /* Media.xcassets */,
				6206128B268C752400A6D7AC /* ActionViewController.swift */,
				6206128D268C752400A6D7AC /* MainInterface.storyboard */,
				62061290268C752400A6D7AC /* Info.plist */,
				62061298268C761300A6D7AC /* Action.js */,
			);
			path = Extension;
			sourceTree = "<group>";
		};
/* End PBXGroup section */

/* Begin PBXNativeTarget section */
		6206126B268C74F500A6D7AC /* TPExtensionWithJS */ = {
			isa = PBXNativeTarget;
			buildConfigurationList = 62061280268C74F600A6D7AC /* Build configuration list for PBXNativeTarget "TPExtensionWithJS" */;
			buildPhases = (
				62061268268C74F500A6D7AC /* Sources */,
				62061269268C74F500A6D7AC /* Frameworks */,
				6206126A268C74F500A6D7AC /* Resources */,
				62061297268C752400A6D7AC /* Embed App Extensions */,
			);
			buildRules = (
			);
			dependencies = (
				62061292268C752400A6D7AC /* PBXTargetDependency */,
			);
			name = TPExtensionWithJS;
			productName = Project19a;
			productReference = 6206126C268C74F500A6D7AC /* TPExtensionWithJS.app */;
			productType = "com.apple.product-type.application";
		};
		62061286268C752400A6D7AC /* Extension */ = {
			isa = PBXNativeTarget;
			buildConfigurationList = 62061294268C752400A6D7AC /* Build configuration list for PBXNativeTarget "Extension" */;
			buildPhases = (
				62061283268C752400A6D7AC /* Sources */,
				62061284268C752400A6D7AC /* Frameworks */,
				62061285268C752400A6D7AC /* Resources */,
			);
			buildRules = (
			);
			dependencies = (
			);
			name = Extension;
			productName = Extension;
			productReference = 62061287268C752400A6D7AC /* Extension.appex */;
			productType = "com.apple.product-type.app-extension";
		};
/* End PBXNativeTarget section */

/* Begin PBXProject section */
		62061264268C74F500A6D7AC /* Project object */ = {
			isa = PBXProject;
			attributes = {
				LastSwiftUpdateCheck = 1250;
				LastUpgradeCheck = 1250;
				TargetAttributes = {
					6206126B268C74F500A6D7AC = {
						CreatedOnToolsVersion = 12.5.1;
					};
					62061286268C752400A6D7AC = {
						CreatedOnToolsVersion = 12.5.1;
					};
				};
			};
			buildConfigurationList = 62061267268C74F500A6D7AC /* Build configuration list for PBXProject "TPExtensionWithJS" */;
			compatibilityVersion = "Xcode 9.3";
			developmentRegion = en;
			hasScannedForEncodings = 0;
			knownRegions = (
				en,
				Base,
			);
			mainGroup = 62061263268C74F500A6D7AC;
			productRefGroup = 6206126D268C74F500A6D7AC /* Products */;
			projectDirPath = "";
			projectRoot = "";
			targets = (
				6206126B268C74F500A6D7AC /* TPExtensionWithJS */,
				62061286268C752400A6D7AC /* Extension */,
			);
		};
/* End PBXProject section */

/* Begin PBXResourcesBuildPhase section */
		6206126A268C74F500A6D7AC /* Resources */ = {
			isa = PBXResourcesBuildPhase;
			buildActionMask = 2147483647;
			files = (
				6206127C268C74F600A6D7AC /* LaunchScreen.storyboard in Resources */,
				62061279268C74F600A6D7AC /* Assets.xcassets in Resources */,
				62061277268C74F500A6D7AC /* Main.storyboard in Resources */,
			);
			runOnlyForDeploymentPostprocessing = 0;
		};
		62061285268C752400A6D7AC /* Resources */ = {
			isa = PBXResourcesBuildPhase;
			buildActionMask = 2147483647;
			files = (
				62061299268C761300A6D7AC /* Action.js in Resources */,
				6206128A268C752400A6D7AC /* Media.xcassets in Resources */,
				6206128F268C752400A6D7AC /* MainInterface.storyboard in Resources */,
			);
			runOnlyForDeploymentPostprocessing = 0;
		};
/* End PBXResourcesBuildPhase section */

/* Begin PBXSourcesBuildPhase section */
		62061268268C74F500A6D7AC /* Sources */ = {
			isa = PBXSourcesBuildPhase;
			buildActionMask = 2147483647;
			files = (
				62061274268C74F500A6D7AC /* ViewController.swift in Sources */,
				62061270268C74F500A6D7AC /* AppDelegate.swift in Sources */,
				62061272268C74F500A6D7AC /* SceneDelegate.swift in Sources */,
			);
			runOnlyForDeploymentPostprocessing = 0;
		};
		62061283268C752400A6D7AC /* Sources */ = {
			isa = PBXSourcesBuildPhase;
			buildActionMask = 2147483647;
			files = (
				6206128C268C752400A6D7AC /* ActionViewController.swift in Sources */,
			);
			runOnlyForDeploymentPostprocessing = 0;
		};
/* End PBXSourcesBuildPhase section */

/* Begin PBXTargetDependency section */
		62061292268C752400A6D7AC /* PBXTargetDependency */ = {
			isa = PBXTargetDependency;
			target = 62061286268C752400A6D7AC /* Extension */;
			targetProxy = 62061291268C752400A6D7AC /* PBXContainerItemProxy */;
		};
/* End PBXTargetDependency section */

/* Begin PBXVariantGroup section */
		62061275268C74F500A6D7AC /* Main.storyboard */ = {
			isa = PBXVariantGroup;
			children = (
				62061276268C74F500A6D7AC /* Base */,
			);
			name = Main.storyboard;
			sourceTree = "<group>";
		};
		6206127A268C74F600A6D7AC /* LaunchScreen.storyboard */ = {
			isa = PBXVariantGroup;
			children = (
				6206127B268C74F600A6D7AC /* Base */,
			);
			name = LaunchScreen.storyboard;
			sourceTree = "<group>";
		};
		6206128D268C752400A6D7AC /* MainInterface.storyboard */ = {
			isa = PBXVariantGroup;
			children = (
				6206128E268C752400A6D7AC /* Base */,
			);
			name = MainInterface.storyboard;
			sourceTree = "<group>";
		};
/* End PBXVariantGroup section */

/* Begin XCBuildConfiguration section */
		6206127E268C74F600A6D7AC /* Debug */ = {
			isa = XCBuildConfiguration;
			buildSettings = {
				ALWAYS_SEARCH_USER_PATHS = NO;
				CLANG_ANALYZER_NONNULL = YES;
				CLANG_ANALYZER_NUMBER_OBJECT_CONVERSION = YES_AGGRESSIVE;
				CLANG_CXX_LANGUAGE_STANDARD = "gnu++14";
				CLANG_CXX_LIBRARY = "libc++";
				CLANG_ENABLE_MODULES = YES;
				CLANG_ENABLE_OBJC_ARC = YES;
				CLANG_ENABLE_OBJC_WEAK = YES;
				CLANG_WARN_BLOCK_CAPTURE_AUTORELEASING = YES;
				CLANG_WARN_BOOL_CONVERSION = YES;
				CLANG_WARN_COMMA = YES;
				CLANG_WARN_CONSTANT_CONVERSION = YES;
				CLANG_WARN_DEPRECATED_OBJC_IMPLEMENTATIONS = YES;
				CLANG_WARN_DIRECT_OBJC_ISA_USAGE = YES_ERROR;
				CLANG_WARN_DOCUMENTATION_COMMENTS = YES;
				CLANG_WARN_EMPTY_BODY = YES;
				CLANG_WARN_ENUM_CONVERSION = YES;
				CLANG_WARN_INFINITE_RECURSION = YES;
				CLANG_WARN_INT_CONVERSION = YES;
				CLANG_WARN_NON_LITERAL_NULL_CONVERSION = YES;
				CLANG_WARN_OBJC_IMPLICIT_RETAIN_SELF = YES;
				CLANG_WARN_OBJC_LITERAL_CONVERSION = YES;
				CLANG_WARN_OBJC_ROOT_CLASS = YES_ERROR;
				CLANG_WARN_QUOTED_INCLUDE_IN_FRAMEWORK_HEADER = YES;
				CLANG_WARN_RANGE_LOOP_ANALYSIS = YES;
				CLANG_WARN_STRICT_PROTOTYPES = YES;
				CLANG_WARN_SUSPICIOUS_MOVE = YES;
				CLANG_WARN_UNGUARDED_AVAILABILITY = YES_AGGRESSIVE;
				CLANG_WARN_UNREACHABLE_CODE = YES;
				CLANG_WARN__DUPLICATE_METHOD_MATCH = YES;
				COPY_PHASE_STRIP = NO;
				DEBUG_INFORMATION_FORMAT = dwarf;
				ENABLE_STRICT_OBJC_MSGSEND = YES;
				ENABLE_TESTABILITY = YES;
				GCC_C_LANGUAGE_STANDARD = gnu11;
				GCC_DYNAMIC_NO_PIC = NO;
				GCC_NO_COMMON_BLOCKS = YES;
				GCC_OPTIMIZATION_LEVEL = 0;
				GCC_PREPROCESSOR_DEFINITIONS = (
					"DEBUG=1",
					"$(inherited)",
				);
				GCC_WARN_64_TO_32_BIT_CONVERSION = YES;
				GCC_WARN_ABOUT_RETURN_TYPE = YES_ERROR;
				GCC_WARN_UNDECLARED_SELECTOR = YES;
				GCC_WARN_UNINITIALIZED_AUTOS = YES_AGGRESSIVE;
				GCC_WARN_UNUSED_FUNCTION = YES;
				GCC_WARN_UNUSED_VARIABLE = YES;
				IPHONEOS_DEPLOYMENT_TARGET = 14.5;
				MTL_ENABLE_DEBUG_INFO = INCLUDE_SOURCE;
				MTL_FAST_MATH = YES;
				ONLY_ACTIVE_ARCH = YES;
				SDKROOT = iphoneos;
				SWIFT_ACTIVE_COMPILATION_CONDITIONS = DEBUG;
				SWIFT_OPTIMIZATION_LEVEL = "-Onone";
			};
			name = Debug;
		};
		6206127F268C74F600A6D7AC /* Release */ = {
			isa = XCBuildConfiguration;
			buildSettings = {
				ALWAYS_SEARCH_USER_PATHS = NO;
				CLANG_ANALYZER_NONNULL = YES;
				CLANG_ANALYZER_NUMBER_OBJECT_CONVERSION = YES_AGGRESSIVE;
				CLANG_CXX_LANGUAGE_STANDARD = "gnu++14";
				CLANG_CXX_LIBRARY = "libc++";
				CLANG_ENABLE_MODULES = YES;
				CLANG_ENABLE_OBJC_ARC = YES;
				CLANG_ENABLE_OBJC_WEAK = YES;
				CLANG_WARN_BLOCK_CAPTURE_AUTORELEASING = YES;
				CLANG_WARN_BOOL_CONVERSION = YES;
				CLANG_WARN_COMMA = YES;
				CLANG_WARN_CONSTANT_CONVERSION = YES;
				CLANG_WARN_DEPRECATED_OBJC_IMPLEMENTATIONS = YES;
				CLANG_WARN_DIRECT_OBJC_ISA_USAGE = YES_ERROR;
				CLANG_WARN_DOCUMENTATION_COMMENTS = YES;
				CLANG_WARN_EMPTY_BODY = YES;
				CLANG_WARN_ENUM_CONVERSION = YES;
				CLANG_WARN_INFINITE_RECURSION = YES;
				CLANG_WARN_INT_CONVERSION = YES;
				CLANG_WARN_NON_LITERAL_NULL_CONVERSION = YES;
				CLANG_WARN_OBJC_IMPLICIT_RETAIN_SELF = YES;
				CLANG_WARN_OBJC_LITERAL_CONVERSION = YES;
				CLANG_WARN_OBJC_ROOT_CLASS = YES_ERROR;
				CLANG_WARN_QUOTED_INCLUDE_IN_FRAMEWORK_HEADER = YES;
				CLANG_WARN_RANGE_LOOP_ANALYSIS = YES;
				CLANG_WARN_STRICT_PROTOTYPES = YES;
				CLANG_WARN_SUSPICIOUS_MOVE = YES;
				CLANG_WARN_UNGUARDED_AVAILABILITY = YES_AGGRESSIVE;
				CLANG_WARN_UNREACHABLE_CODE = YES;
				CLANG_WARN__DUPLICATE_METHOD_MATCH = YES;
				COPY_PHASE_STRIP = NO;
				DEBUG_INFORMATION_FORMAT = "dwarf-with-dsym";
				ENABLE_NS_ASSERTIONS = NO;
				ENABLE_STRICT_OBJC_MSGSEND = YES;
				GCC_C_LANGUAGE_STANDARD = gnu11;
				GCC_NO_COMMON_BLOCKS = YES;
				GCC_WARN_64_TO_32_BIT_CONVERSION = YES;
				GCC_WARN_ABOUT_RETURN_TYPE = YES_ERROR;
				GCC_WARN_UNDECLARED_SELECTOR = YES;
				GCC_WARN_UNINITIALIZED_AUTOS = YES_AGGRESSIVE;
				GCC_WARN_UNUSED_FUNCTION = YES;
				GCC_WARN_UNUSED_VARIABLE = YES;
				IPHONEOS_DEPLOYMENT_TARGET = 14.5;
				MTL_ENABLE_DEBUG_INFO = NO;
				MTL_FAST_MATH = YES;
				SDKROOT = iphoneos;
				SWIFT_COMPILATION_MODE = wholemodule;
				SWIFT_OPTIMIZATION_LEVEL = "-O";
				VALIDATE_PRODUCT = YES;
			};
			name = Release;
		};
		62061281268C74F600A6D7AC /* Debug */ = {
			isa = XCBuildConfiguration;
			buildSettings = {
				ALWAYS_EMBED_SWIFT_STANDARD_LIBRARIES = YES;
				ASSETCATALOG_COMPILER_APPICON_NAME = AppIcon;
				ASSETCATALOG_COMPILER_GLOBAL_ACCENT_COLOR_NAME = AccentColor;
				CODE_SIGN_STYLE = Automatic;
				INFOPLIST_FILE = TPExtensionWithJS/Info.plist;
				LD_RUNPATH_SEARCH_PATHS = (
					"$(inherited)",
					"@executable_path/Frameworks",
				);
				PRODUCT_BUNDLE_IDENTIFIER = Ammolite.TPExtensionWithJS;
				PRODUCT_NAME = "$(TARGET_NAME)";
				SWIFT_VERSION = 5.0;
				TARGETED_DEVICE_FAMILY = "1,2";
			};
			name = Debug;
		};
		62061282268C74F600A6D7AC /* Release */ = {
			isa = XCBuildConfiguration;
			buildSettings = {
				ALWAYS_EMBED_SWIFT_STANDARD_LIBRARIES = YES;
				ASSETCATALOG_COMPILER_APPICON_NAME = AppIcon;
				ASSETCATALOG_COMPILER_GLOBAL_ACCENT_COLOR_NAME = AccentColor;
				CODE_SIGN_STYLE = Automatic;
				INFOPLIST_FILE = TPExtensionWithJS/Info.plist;
				LD_RUNPATH_SEARCH_PATHS = (
					"$(inherited)",
					"@executable_path/Frameworks",
				);
				PRODUCT_BUNDLE_IDENTIFIER = Ammolite.TPExtensionWithJS;
				PRODUCT_NAME = "$(TARGET_NAME)";
				SWIFT_VERSION = 5.0;
				TARGETED_DEVICE_FAMILY = "1,2";
			};
			name = Release;
		};
		62061295268C752400A6D7AC /* Debug */ = {
			isa = XCBuildConfiguration;
			buildSettings = {
				CODE_SIGN_STYLE = Automatic;
				INFOPLIST_FILE = Extension/Info.plist;
				LD_RUNPATH_SEARCH_PATHS = (
					"$(inherited)",
					"@executable_path/Frameworks",
					"@executable_path/../../Frameworks",
				);
				PRODUCT_BUNDLE_IDENTIFIER = Ammolite.TPExtensionWithJS.Extension;
				PRODUCT_NAME = "$(TARGET_NAME)";
				SKIP_INSTALL = YES;
				SWIFT_VERSION = 5.0;
				TARGETED_DEVICE_FAMILY = "1,2";
			};
			name = Debug;
		};
		62061296268C752400A6D7AC /* Release */ = {
			isa = XCBuildConfiguration;
			buildSettings = {
				CODE_SIGN_STYLE = Automatic;
				INFOPLIST_FILE = Extension/Info.plist;
				LD_RUNPATH_SEARCH_PATHS = (
					"$(inherited)",
					"@executable_path/Frameworks",
					"@executable_path/../../Frameworks",
				);
				PRODUCT_BUNDLE_IDENTIFIER = Ammolite.TPExtensionWithJS.Extension;
				PRODUCT_NAME = "$(TARGET_NAME)";
				SKIP_INSTALL = YES;
				SWIFT_VERSION = 5.0;
				TARGETED_DEVICE_FAMILY = "1,2";
			};
			name = Release;
		};
/* End XCBuildConfiguration section */

/* Begin XCConfigurationList section */
		62061267268C74F500A6D7AC /* Build configuration list for PBXProject "TPExtensionWithJS" */ = {
			isa = XCConfigurationList;
			buildConfigurations = (
				6206127E268C74F600A6D7AC /* Debug */,
				6206127F268C74F600A6D7AC /* Release */,
			);
			defaultConfigurationIsVisible = 0;
			defaultConfigurationName = Release;
		};
		62061280268C74F600A6D7AC /* Build configuration list for PBXNativeTarget "TPExtensionWithJS" */ = {
			isa = XCConfigurationList;
			buildConfigurations = (
				62061281268C74F600A6D7AC /* Debug */,
				62061282268C74F600A6D7AC /* Release */,
			);
			defaultConfigurationIsVisible = 0;
			defaultConfigurationName = Release;
		};
		62061294268C752400A6D7AC /* Build configuration list for PBXNativeTarget "Extension" */ = {
			isa = XCConfigurationList;
			buildConfigurations = (
				62061295268C752400A6D7AC /* Debug */,
				62061296268C752400A6D7AC /* Release */,
			);
			defaultConfigurationIsVisible = 0;
			defaultConfigurationName = Release;
		};
/* End XCConfigurationList section */
	};
	rootObject = 62061264268C74F500A6D7AC /* Project object */;
}
